
Microsoft Visual Studio Solution File, Format Version 12.00
# Visual Studio 2013
VisualStudioVersion = 12.0.21005.1
MinimumVisualStudioVersion = 10.0.40219.1
Project("{FAE04EC0-301F-11D3-BF4B-00C04F79EFBC}") = "WebApplication3", "WebApplication3\WebApplication3.csproj", "{0DC430AE-50EC-4DD7-9A4E-5038579CEED7}"
EndProject
Project("{FAE04EC0-301F-11D3-BF4B-00C04F79EFBC}") = "Diary.CQRS", "Diary.CQRS\Diary.CQRS.csproj", "{AC26A573-0B5E-417E-8474-AA4E4C913A6F}"
EndProject
Project("{FAE04EC0-301F-11D3-BF4B-00C04F79EFBC}") = "Diary.CQRS.Configuration", "Diary.CQRS.Configuration\Diary.CQRS.Configuration.csproj", "{93284985-C9F2-4A88-B1BD-CA152EEA1154}"
EndProject
Global
	GlobalSection(SolutionConfigurationPlatforms) = preSolution
		Debug|Any CPU = Debug|Any CPU
		Release|Any CPU = Release|Any CPU
	EndGlobalSection
	GlobalSection(ProjectConfigurationPlatforms) = postSolution
		{0DC430AE-50EC-4DD7-9A4E-5038579CEED7}.Debug|Any CPU.ActiveCfg = Debug|Any CPU
		{0DC430AE-50EC-4DD7-9A4E-5038579CEED7}.Debug|Any CPU.Build.0 = Debug|Any CPU
		{0DC430AE-50EC-4DD7-9A4E-5038579CEED7}.Release|Any CPU.ActiveCfg = Release|Any CPU
		{0DC430AE-50EC-4DD7-9A4E-5038579CEED7}.Release|Any CPU.Build.0 = Release|Any CPU
		{AC26A573-0B5E-417E-8474-AA4E4C913A6F}.Debug|Any CPU.ActiveCfg = Debug|Any CPU
		{AC26A573-0B5E-417E-8474-AA4E4C913A6F}.Debug|Any CPU.Build.0 = Debug|Any CPU
		{AC26A573-0B5E-417E-8474-AA4E4C913A6F}.Release|Any CPU.ActiveCfg = Release|Any CPU
		{AC26A573-0B5E-417E-8474-AA4E4C913A6F}.Release|Any CPU.Build.0 = Release|Any CPU
		{93284985-C9F2-4A88-B1BD-CA152EEA1154}.Debug|Any CPU.ActiveCfg = Debug|Any CPU
		{93284985-C9F2-4A88-B1BD-CA152EEA1154}.Debug|Any CPU.Build.0 = Debug|Any CPU
		{93284985-C9F2-4A88-B1BD-CA152EEA1154}.Release|Any CPU.ActiveCfg = Release|Any CPU
		{93284985-C9F2-4A88-B1BD-CA152EEA1154}.Release|Any CPU.Build.0 = Release|Any CPU
	EndGlobalSection
	GlobalSection(SolutionProperties) = preSolution
		HideSolutionNode = FALSE
	EndGlobalSection
EndGlobal
